
Microsoft Visual Studio Solution File, Format Version 12.00
# Visual Studio Version 16
VisualStudioVersion = 16.0.29319.158
MinimumVisualStudioVersion = 10.0.40219.1
Project("{2150E333-8FDC-42A3-9474-1A3956D46DE8}") = "Presentation", "Presentation", "{F9B39FCB-00DD-46BA-AD4E-C45DEEA6F60E}"
EndProject
Project("{9A19103F-16F7-4668-BE54-9A1E7A4F7556}") = "BlogEngine.Website", "Presentation\UBlog\BlogEngine.Website.csproj", "{10AD04DB-24AE-45DA-A571-51759AF9FAF9}"
EndProject
Project("{2150E333-8FDC-42A3-9474-1A3956D46DE8}") = "Tests", "Tests", "{DD129D49-90BD-4CAD-9F92-E3048B541E68}"
EndProject
Project("{9A19103F-16F7-4668-BE54-9A1E7A4F7556}") = "BlogEngine.Website.Tests", "Tests\BlogEngine.Website.Tests\BlogEngine.Website.Tests.csproj", "{88BAA576-FFE5-48EE-9EA9-7ABD39B973E7}"
EndProject
Project("{2150E333-8FDC-42A3-9474-1A3956D46DE8}") = "Business", "Business", "{D8C25926-9BF6-4914-AF23-0B51859CA75B}"
EndProject
Project("{9A19103F-16F7-4668-BE54-9A1E7A4F7556}") = "BlogEngine.Business.Models", "Business\BlogEngine.Business.Models\BlogEngine.Business.Models.csproj", "{16015B1A-B880-420E-9721-7811C769B942}"
EndProject
Project("{9A19103F-16F7-4668-BE54-9A1E7A4F7556}") = "BlogEngine.Business.Interfaces", "Business\BlogEngine.Business.Interfaces\BlogEngine.Business.Interfaces.csproj", "{0B3F58A8-EE56-486B-80B6-21F1BE520524}"
EndProject
Project("{2150E333-8FDC-42A3-9474-1A3956D46DE8}") = "Data", "Data", "{386AEA7B-1B1B-46A2-B286-384941AC8C59}"
EndProject
Project("{9A19103F-16F7-4668-BE54-9A1E7A4F7556}") = "BlogEngine.Data.Model", "Data\BlogEngine.Data.Model\BlogEngine.Data.Model.csproj", "{74764570-932D-4C08-AF83-C0E8F7E6F19D}"
EndProject
Project("{9A19103F-16F7-4668-BE54-9A1E7A4F7556}") = "BlogEngine.Data.Repositories", "Data\BlogEngine.Data.Repositories\BlogEngine.Data.Repositories.csproj", "{18B5638B-572A-4F61-A3E1-FF6C0F7B552A}"
EndProject
Project("{9A19103F-16F7-4668-BE54-9A1E7A4F7556}") = "BlogEngine.Data.Interfaces", "Data\BlogEngine.Data.Interfaces\BlogEngine.Data.Interfaces.csproj", "{AC1081B1-11D2-4A4F-B682-D5B97803F86B}"
EndProject
Project("{2150E333-8FDC-42A3-9474-1A3956D46DE8}") = "Infrastructure", "Infrastructure", "{33865ABF-3108-4569-BD74-FB60C9778447}"
EndProject
Project("{9A19103F-16F7-4668-BE54-9A1E7A4F7556}") = "BlogEngine.Infrastructure.DependencyInjection", "Infrastructure\BlogEngine.Infrastructure.DependencyInjection\BlogEngine.Infrastructure.DependencyInjection.csproj", "{CCBF78E2-46C5-4265-9268-31FF29E28A6A}"
EndProject
Project("{9A19103F-16F7-4668-BE54-9A1E7A4F7556}") = "BlogEngine.Business.Services", "Business\BlogEngine.Business.Services\BlogEngine.Business.Services.csproj", "{CEECF2FE-7424-471F-A68F-E0B5586DABF7}"
EndProject
Project("{FAE04EC0-301F-11D3-BF4B-00C04F79EFBC}") = "BlogEngine.Business.Services.Tests", "Tests\BlogEngine.Business.Services.Tests\BlogEngine.Business.Services.Tests.csproj", "{B9EF713C-211E-4970-BD7E-B206A2F9E116}"
EndProject
Project("{FAE04EC0-301F-11D3-BF4B-00C04F79EFBC}") = "BlogEngine.Tests.Helpers", "Tests\BlogEngine.Tests.Helpers\BlogEngine.Tests.Helpers.csproj", "{9EC449C1-65A5-466E-9A90-3491ACB8B009}"
EndProject
Global
	GlobalSection(SolutionConfigurationPlatforms) = preSolution
		Debug|Any CPU = Debug|Any CPU
		Release|Any CPU = Release|Any CPU
	EndGlobalSection
	GlobalSection(ProjectConfigurationPlatforms) = postSolution
		{10AD04DB-24AE-45DA-A571-51759AF9FAF9}.Debug|Any CPU.ActiveCfg = Debug|Any CPU
		{10AD04DB-24AE-45DA-A571-51759AF9FAF9}.Debug|Any CPU.Build.0 = Debug|Any CPU
		{10AD04DB-24AE-45DA-A571-51759AF9FAF9}.Release|Any CPU.ActiveCfg = Release|Any CPU
		{10AD04DB-24AE-45DA-A571-51759AF9FAF9}.Release|Any CPU.Build.0 = Release|Any CPU
		{88BAA576-FFE5-48EE-9EA9-7ABD39B973E7}.Debug|Any CPU.ActiveCfg = Debug|Any CPU
		{88BAA576-FFE5-48EE-9EA9-7ABD39B973E7}.Debug|Any CPU.Build.0 = Debug|Any CPU
		{88BAA576-FFE5-48EE-9EA9-7ABD39B973E7}.Release|Any CPU.ActiveCfg = Release|Any CPU
		{88BAA576-FFE5-48EE-9EA9-7ABD39B973E7}.Release|Any CPU.Build.0 = Release|Any CPU
		{16015B1A-B880-420E-9721-7811C769B942}.Debug|Any CPU.ActiveCfg = Debug|Any CPU
		{16015B1A-B880-420E-9721-7811C769B942}.Debug|Any CPU.Build.0 = Debug|Any CPU
		{16015B1A-B880-420E-9721-7811C769B942}.Release|Any CPU.ActiveCfg = Release|Any CPU
		{16015B1A-B880-420E-9721-7811C769B942}.Release|Any CPU.Build.0 = Release|Any CPU
		{0B3F58A8-EE56-486B-80B6-21F1BE520524}.Debug|Any CPU.ActiveCfg = Debug|Any CPU
		{0B3F58A8-EE56-486B-80B6-21F1BE520524}.Debug|Any CPU.Build.0 = Debug|Any CPU
		{0B3F58A8-EE56-486B-80B6-21F1BE520524}.Release|Any CPU.ActiveCfg = Release|Any CPU
		{0B3F58A8-EE56-486B-80B6-21F1BE520524}.Release|Any CPU.Build.0 = Release|Any CPU
		{74764570-932D-4C08-AF83-C0E8F7E6F19D}.Debug|Any CPU.ActiveCfg = Debug|Any CPU
		{74764570-932D-4C08-AF83-C0E8F7E6F19D}.Debug|Any CPU.Build.0 = Debug|Any CPU
		{74764570-932D-4C08-AF83-C0E8F7E6F19D}.Release|Any CPU.ActiveCfg = Release|Any CPU
		{74764570-932D-4C08-AF83-C0E8F7E6F19D}.Release|Any CPU.Build.0 = Release|Any CPU
		{18B5638B-572A-4F61-A3E1-FF6C0F7B552A}.Debug|Any CPU.ActiveCfg = Debug|Any CPU
		{18B5638B-572A-4F61-A3E1-FF6C0F7B552A}.Debug|Any CPU.Build.0 = Debug|Any CPU
		{18B5638B-572A-4F61-A3E1-FF6C0F7B552A}.Release|Any CPU.ActiveCfg = Release|Any CPU
		{18B5638B-572A-4F61-A3E1-FF6C0F7B552A}.Release|Any CPU.Build.0 = Release|Any CPU
		{AC1081B1-11D2-4A4F-B682-D5B97803F86B}.Debug|Any CPU.ActiveCfg = Debug|Any CPU
		{AC1081B1-11D2-4A4F-B682-D5B97803F86B}.Debug|Any CPU.Build.0 = Debug|Any CPU
		{AC1081B1-11D2-4A4F-B682-D5B97803F86B}.Release|Any CPU.ActiveCfg = Release|Any CPU
		{AC1081B1-11D2-4A4F-B682-D5B97803F86B}.Release|Any CPU.Build.0 = Release|Any CPU
		{CCBF78E2-46C5-4265-9268-31FF29E28A6A}.Debug|Any CPU.ActiveCfg = Debug|Any CPU
		{CCBF78E2-46C5-4265-9268-31FF29E28A6A}.Debug|Any CPU.Build.0 = Debug|Any CPU
		{CCBF78E2-46C5-4265-9268-31FF29E28A6A}.Release|Any CPU.ActiveCfg = Release|Any CPU
		{CCBF78E2-46C5-4265-9268-31FF29E28A6A}.Release|Any CPU.Build.0 = Release|Any CPU
		{CEECF2FE-7424-471F-A68F-E0B5586DABF7}.Debug|Any CPU.ActiveCfg = Debug|Any CPU
		{CEECF2FE-7424-471F-A68F-E0B5586DABF7}.Debug|Any CPU.Build.0 = Debug|Any CPU
		{CEECF2FE-7424-471F-A68F-E0B5586DABF7}.Release|Any CPU.ActiveCfg = Release|Any CPU
		{CEECF2FE-7424-471F-A68F-E0B5586DABF7}.Release|Any CPU.Build.0 = Release|Any CPU
		{B9EF713C-211E-4970-BD7E-B206A2F9E116}.Debug|Any CPU.ActiveCfg = Debug|Any CPU
		{B9EF713C-211E-4970-BD7E-B206A2F9E116}.Debug|Any CPU.Build.0 = Debug|Any CPU
		{B9EF713C-211E-4970-BD7E-B206A2F9E116}.Release|Any CPU.ActiveCfg = Release|Any CPU
		{B9EF713C-211E-4970-BD7E-B206A2F9E116}.Release|Any CPU.Build.0 = Release|Any CPU
		{9EC449C1-65A5-466E-9A90-3491ACB8B009}.Debug|Any CPU.ActiveCfg = Debug|Any CPU
		{9EC449C1-65A5-466E-9A90-3491ACB8B009}.Debug|Any CPU.Build.0 = Debug|Any CPU
		{9EC449C1-65A5-466E-9A90-3491ACB8B009}.Release|Any CPU.ActiveCfg = Release|Any CPU
		{9EC449C1-65A5-466E-9A90-3491ACB8B009}.Release|Any CPU.Build.0 = Release|Any CPU
	EndGlobalSection
	GlobalSection(SolutionProperties) = preSolution
		HideSolutionNode = FALSE
	EndGlobalSection
	GlobalSection(NestedProjects) = preSolution
		{10AD04DB-24AE-45DA-A571-51759AF9FAF9} = {F9B39FCB-00DD-46BA-AD4E-C45DEEA6F60E}
		{88BAA576-FFE5-48EE-9EA9-7ABD39B973E7} = {DD129D49-90BD-4CAD-9F92-E3048B541E68}
		{16015B1A-B880-420E-9721-7811C769B942} = {D8C25926-9BF6-4914-AF23-0B51859CA75B}
		{0B3F58A8-EE56-486B-80B6-21F1BE520524} = {D8C25926-9BF6-4914-AF23-0B51859CA75B}
		{74764570-932D-4C08-AF83-C0E8F7E6F19D} = {386AEA7B-1B1B-46A2-B286-384941AC8C59}
		{18B5638B-572A-4F61-A3E1-FF6C0F7B552A} = {386AEA7B-1B1B-46A2-B286-384941AC8C59}
		{AC1081B1-11D2-4A4F-B682-D5B97803F86B} = {386AEA7B-1B1B-46A2-B286-384941AC8C59}
		{CCBF78E2-46C5-4265-9268-31FF29E28A6A} = {33865ABF-3108-4569-BD74-FB60C9778447}
		{CEECF2FE-7424-471F-A68F-E0B5586DABF7} = {D8C25926-9BF6-4914-AF23-0B51859CA75B}
		{B9EF713C-211E-4970-BD7E-B206A2F9E116} = {DD129D49-90BD-4CAD-9F92-E3048B541E68}
		{9EC449C1-65A5-466E-9A90-3491ACB8B009} = {DD129D49-90BD-4CAD-9F92-E3048B541E68}
	EndGlobalSection
	GlobalSection(ExtensibilityGlobals) = postSolution
		SolutionGuid = {09C9F4B9-FB6D-42B0-A5CA-D87588D1FEDB}
	EndGlobalSection
EndGlobal
