
Microsoft Visual Studio Solution File, Format Version 12.00
# Visual Studio Version 16
VisualStudioVersion = 16.0.29319.158
MinimumVisualStudioVersion = 10.0.40219.1
Project("{2150E333-8FDC-42A3-9474-1A3956D46DE8}") = "Presentation", "Presentation", "{F9B39FCB-00DD-46BA-AD4E-C45DEEA6F60E}"
EndProject
Project("{9A19103F-16F7-4668-BE54-9A1E7A4F7556}") = "BlogEngine.Website", "Presentation\UBlog\BlogEngine.Website.csproj", "{10AD04DB-24AE-45DA-A571-51759AF9FAF9}"
EndProject
Project("{2150E333-8FDC-42A3-9474-1A3956D46DE8}") = "Tests", "Tests", "{DD129D49-90BD-4CAD-9F92-E3048B541E68}"
EndProject
Project("{FAE04EC0-301F-11D3-BF4B-00C04F79EFBC}") = "BlogEngine.Website.Tests", "Tests\BlogEngine.Website.Tests\BlogEngine.Website.Tests.csproj", "{88BAA576-FFE5-48EE-9EA9-7ABD39B973E7}"
EndProject
Global
	GlobalSection(SolutionConfigurationPlatforms) = preSolution
		Debug|Any CPU = Debug|Any CPU
		Release|Any CPU = Release|Any CPU
	EndGlobalSection
	GlobalSection(ProjectConfigurationPlatforms) = postSolution
		{10AD04DB-24AE-45DA-A571-51759AF9FAF9}.Debug|Any CPU.ActiveCfg = Debug|Any CPU
		{10AD04DB-24AE-45DA-A571-51759AF9FAF9}.Debug|Any CPU.Build.0 = Debug|Any CPU
		{10AD04DB-24AE-45DA-A571-51759AF9FAF9}.Release|Any CPU.ActiveCfg = Release|Any CPU
		{10AD04DB-24AE-45DA-A571-51759AF9FAF9}.Release|Any CPU.Build.0 = Release|Any CPU
		{88BAA576-FFE5-48EE-9EA9-7ABD39B973E7}.Debug|Any CPU.ActiveCfg = Debug|Any CPU
		{88BAA576-FFE5-48EE-9EA9-7ABD39B973E7}.Debug|Any CPU.Build.0 = Debug|Any CPU
		{88BAA576-FFE5-48EE-9EA9-7ABD39B973E7}.Release|Any CPU.ActiveCfg = Release|Any CPU
		{88BAA576-FFE5-48EE-9EA9-7ABD39B973E7}.Release|Any CPU.Build.0 = Release|Any CPU
	EndGlobalSection
	GlobalSection(SolutionProperties) = preSolution
		HideSolutionNode = FALSE
	EndGlobalSection
	GlobalSection(NestedProjects) = preSolution
		{10AD04DB-24AE-45DA-A571-51759AF9FAF9} = {F9B39FCB-00DD-46BA-AD4E-C45DEEA6F60E}
		{88BAA576-FFE5-48EE-9EA9-7ABD39B973E7} = {DD129D49-90BD-4CAD-9F92-E3048B541E68}
	EndGlobalSection
	GlobalSection(ExtensibilityGlobals) = postSolution
		SolutionGuid = {09C9F4B9-FB6D-42B0-A5CA-D87588D1FEDB}
	EndGlobalSection
EndGlobal
